{
  "version": 4,
  "terraform_version": "1.13.5",
  "serial": 54,
  "lineage": "429a8188-f374-d89e-f25c-6d0bd23a153a",
  "outputs": {
    "artifact_registry_url": {
      "value": "asia-southeast1-docker.pkg.dev/thamroi/sigma-hawk-tua-frontend-repo-dev",
      "type": "string"
    },
    "cloud_build_trigger_id": {
      "value": null,
      "type": "string"
    },
    "cloud_run_service_name": {
      "value": "sigma-hawk-tua-frontend-dev",
      "type": "string"
    },
    "cloud_run_url": {
      "value": "https://sigma-hawk-tua-frontend-dev-fnehwy25bq-as.a.run.app",
      "type": "string"
    },
    "frontend_url": {
      "value": "https://sigma-hawk-tua-frontend-dev-fnehwy25bq-as.a.run.app",
      "type": "string"
    }
  },
  "resources": [
    {
      "mode": "managed",
      "type": "google_project_service",
      "name": "required_apis",
      "provider": "provider[\"registry.terraform.io/hashicorp/google\"]",
      "instances": [
        {
          "index_key": "artifactregistry.googleapis.com",
          "schema_version": 0,
          "attributes": {
            "disable_dependent_services": null,
            "disable_on_destroy": false,
            "id": "thamroi/artifactregistry.googleapis.com",
            "project": "thamroi",
            "service": "artifactregistry.googleapis.com",
            "timeouts": null
          },
          "sensitive_attributes": [],
          "identity_schema_version": 0,
          "private": "eyJlMmJmYjczMC1lY2FhLTExZTYtOGY4OC0zNDM2M2JjN2M0YzAiOnsiY3JlYXRlIjoxMjAwMDAwMDAwMDAwLCJkZWxldGUiOjEyMDAwMDAwMDAwMDAsInJlYWQiOjYwMDAwMDAwMDAwMCwidXBkYXRlIjoxMjAwMDAwMDAwMDAwfX0="
        },
        {
          "index_key": "cloudbuild.googleapis.com",
          "schema_version": 0,
          "attributes": {
            "disable_dependent_services": null,
            "disable_on_destroy": false,
            "id": "thamroi/cloudbuild.googleapis.com",
            "project": "thamroi",
            "service": "cloudbuild.googleapis.com",
            "timeouts": null
          },
          "sensitive_attributes": [],
          "identity_schema_version": 0,
          "private": "eyJlMmJmYjczMC1lY2FhLTExZTYtOGY4OC0zNDM2M2JjN2M0YzAiOnsiY3JlYXRlIjoxMjAwMDAwMDAwMDAwLCJkZWxldGUiOjEyMDAwMDAwMDAwMDAsInJlYWQiOjYwMDAwMDAwMDAwMCwidXBkYXRlIjoxMjAwMDAwMDAwMDAwfX0="
        },
        {
          "index_key": "run.googleapis.com",
          "schema_version": 0,
          "attributes": {
            "disable_dependent_services": null,
            "disable_on_destroy": false,
            "id": "thamroi/run.googleapis.com",
            "project": "thamroi",
            "service": "run.googleapis.com",
            "timeouts": null
          },
          "sensitive_attributes": [],
          "identity_schema_version": 0,
          "private": "eyJlMmJmYjczMC1lY2FhLTExZTYtOGY4OC0zNDM2M2JjN2M0YzAiOnsiY3JlYXRlIjoxMjAwMDAwMDAwMDAwLCJkZWxldGUiOjEyMDAwMDAwMDAwMDAsInJlYWQiOjYwMDAwMDAwMDAwMCwidXBkYXRlIjoxMjAwMDAwMDAwMDAwfX0="
        }
      ]
    },
    {
      "module": "module.artifact_registry",
      "mode": "managed",
      "type": "google_artifact_registry_repository",
      "name": "repo",
      "provider": "provider[\"registry.terraform.io/hashicorp/google\"]",
      "instances": [
        {
          "schema_version": 0,
          "attributes": {
            "cleanup_policies": [],
            "cleanup_policy_dry_run": false,
            "create_time": "2025-11-14T15:01:04.911125Z",
            "description": "Docker repository for sigma-hawk-tua-frontend (dev)",
            "docker_config": [],
            "effective_labels": {
              "app": "sigma-hawk-tua-frontend",
              "environment": "dev"
            },
            "format": "DOCKER",
            "id": "projects/thamroi/locations/asia-southeast1/repositories/sigma-hawk-tua-frontend-repo-dev",
            "kms_key_name": "",
            "labels": {
              "app": "sigma-hawk-tua-frontend",
              "environment": "dev"
            },
            "location": "asia-southeast1",
            "maven_config": [],
            "mode": "STANDARD_REPOSITORY",
            "name": "sigma-hawk-tua-frontend-repo-dev",
            "project": "thamroi",
            "remote_repository_config": [],
            "repository_id": "sigma-hawk-tua-frontend-repo-dev",
            "terraform_labels": {
              "app": "sigma-hawk-tua-frontend",
              "environment": "dev"
            },
            "timeouts": null,
            "update_time": "2025-11-14T16:48:35.818827Z",
            "virtual_repository_config": []
          },
          "sensitive_attributes": [],
          "identity_schema_version": 0,
          "private": "eyJlMmJmYjczMC1lY2FhLTExZTYtOGY4OC0zNDM2M2JjN2M0YzAiOnsiY3JlYXRlIjoxMjAwMDAwMDAwMDAwLCJkZWxldGUiOjEyMDAwMDAwMDAwMDAsInVwZGF0ZSI6MTIwMDAwMDAwMDAwMH19",
          "dependencies": [
            "google_project_service.required_apis"
          ]
        }
      ]
    },
    {
      "module": "module.cloud_build",
      "mode": "managed",
      "type": "google_service_account",
      "name": "cloud_build_sa",
      "provider": "provider[\"registry.terraform.io/hashicorp/google\"]",
      "instances": [
        {
          "schema_version": 0,
          "attributes": {
            "account_id": "sigma-build-sa-dev",
            "create_ignore_already_exists": null,
            "description": "",
            "disabled": false,
            "display_name": "Cloud Build SA for sigma-hawk-tua-frontend (dev)",
            "email": "sigma-build-sa-dev@thamroi.iam.gserviceaccount.com",
            "id": "projects/thamroi/serviceAccounts/sigma-build-sa-dev@thamroi.iam.gserviceaccount.com",
            "member": "serviceAccount:sigma-build-sa-dev@thamroi.iam.gserviceaccount.com",
            "name": "projects/thamroi/serviceAccounts/sigma-build-sa-dev@thamroi.iam.gserviceaccount.com",
            "project": "thamroi",
            "timeouts": null,
            "unique_id": "117930823943394578962"
          },
          "sensitive_attributes": [],
          "identity_schema_version": 0,
          "private": "eyJlMmJmYjczMC1lY2FhLTExZTYtOGY4OC0zNDM2M2JjN2M0YzAiOnsiY3JlYXRlIjozMDAwMDAwMDAwMDB9fQ==",
          "dependencies": [
            "google_project_service.required_apis"
          ]
        }
      ]
    },
    {
      "module": "module.cloud_run",
      "mode": "managed",
      "type": "google_cloud_run_service",
      "name": "service",
      "provider": "provider[\"registry.terraform.io/hashicorp/google\"]",
      "instances": [
        {
          "schema_version": 2,
          "attributes": {
            "autogenerate_revision_name": false,
            "id": "locations/asia-southeast1/namespaces/thamroi/services/sigma-hawk-tua-frontend-dev",
            "location": "asia-southeast1",
            "metadata": [
              {
                "annotations": {},
                "effective_annotations": {
                  "run.googleapis.com/ingress": "all",
                  "run.googleapis.com/ingress-status": "all",
                  "run.googleapis.com/maxScale": "5",
                  "run.googleapis.com/operation-id": "a846762f-d317-4890-aeca-4c1b00455ba0",
                  "run.googleapis.com/urls": "[\"https://sigma-hawk-tua-frontend-dev-1097710273935.asia-southeast1.run.app\",\"https://sigma-hawk-tua-frontend-dev-fnehwy25bq-as.a.run.app\"]",
                  "serving.knative.dev/creator": "thanakirt47@gmail.com",
                  "serving.knative.dev/lastModifier": "thanakirt47@gmail.com"
                },
                "effective_labels": {
                  "cloud.googleapis.com/location": "asia-southeast1",
                  "run.googleapis.com/satisfiesPzs": "true"
                },
                "generation": 3,
                "labels": {},
                "namespace": "thamroi",
                "resource_version": "AAZDonFVdGk",
                "self_link": "/apis/serving.knative.dev/v1/namespaces/1097710273935/services/sigma-hawk-tua-frontend-dev",
                "terraform_labels": {},
                "uid": "166e69c8-851e-428f-aaf6-299cd8e7c0ce"
              }
            ],
            "name": "sigma-hawk-tua-frontend-dev",
            "project": "thamroi",
            "status": [
              {
                "conditions": [
                  {
                    "message": "",
                    "reason": "",
                    "status": "True",
                    "type": "Ready"
                  },
                  {
                    "message": "",
                    "reason": "",
                    "status": "True",
                    "type": "ConfigurationsReady"
                  },
                  {
                    "message": "",
                    "reason": "",
                    "status": "True",
                    "type": "RoutesReady"
                  }
                ],
                "latest_created_revision_name": "sigma-hawk-tua-frontend-dev-20251115135336",
                "latest_ready_revision_name": "sigma-hawk-tua-frontend-dev-20251115135336",
                "observed_generation": 3,
                "traffic": [
                  {
                    "latest_revision": true,
                    "percent": 100,
                    "revision_name": "sigma-hawk-tua-frontend-dev-20251115135336",
                    "tag": "",
                    "url": ""
                  }
                ],
                "url": "https://sigma-hawk-tua-frontend-dev-fnehwy25bq-as.a.run.app"
              }
            ],
            "template": [
              {
                "metadata": [
                  {
                    "annotations": {
                      "autoscaling.knative.dev/maxScale": "5",
                      "autoscaling.knative.dev/minScale": "0",
                      "run.googleapis.com/client-name": "terraform",
                      "run.googleapis.com/cloudsql-instances": ""
                    },
                    "generation": 0,
                    "labels": {
                      "run.googleapis.com/startupProbeType": "Default"
                    },
                    "name": "sigma-hawk-tua-frontend-dev-20251115135336",
                    "namespace": "",
                    "resource_version": "",
                    "self_link": "",
                    "uid": ""
                  }
                ],
                "spec": [
                  {
                    "container_concurrency": 80,
                    "containers": [
                      {
                        "args": [],
                        "command": [],
                        "env": [
                          {
                            "name": "BACKEND_URL",
                            "value": "https://sigma-hawk-tua-backend-dev-1097710273935.asia-southeast1.run.app",
                            "value_from": []
                          },
                          {
                            "name": "NEXT_PUBLIC_API_BASE",
                            "value": "https://sigma-hawk-tua-backend-dev-1097710273935.asia-southeast1.run.app",
                            "value_from": []
                          },
                          {
                            "name": "NEXT_PUBLIC_API_URL",
                            "value": "https://sigma-hawk-tua-backend-dev-1097710273935.asia-southeast1.run.app",
                            "value_from": []
                          },
                          {
                            "name": "NEXT_PUBLIC_BASE_API_URL",
                            "value": "https://sigma-hawk-tua-backend-dev-1097710273935.asia-southeast1.run.app",
                            "value_from": []
                          },
                          {
                            "name": "NODE_ENV",
                            "value": "dev",
                            "value_from": []
                          }
                        ],
                        "env_from": [],
                        "image": "asia-southeast1-docker.pkg.dev/thamroi/sigma-hawk-tua-frontend-repo-dev/sigma-hawk-tua-frontend:latest",
                        "liveness_probe": [],
                        "name": "",
                        "ports": [
                          {
                            "container_port": 3000,
                            "name": "http1",
                            "protocol": ""
                          }
                        ],
                        "resources": [
                          {
                            "limits": {
                              "cpu": "1",
                              "memory": "512Mi"
                            },
                            "requests": {}
                          }
                        ],
                        "startup_probe": [
                          {
                            "failure_threshold": 1,
                            "grpc": [],
                            "http_get": [],
                            "initial_delay_seconds": 0,
                            "period_seconds": 240,
                            "tcp_socket": [
                              {
                                "port": 3000
                              }
                            ],
                            "timeout_seconds": 240
                          }
                        ],
                        "volume_mounts": [],
                        "working_dir": ""
                      }
                    ],
                    "service_account_name": "sigma-run-sa-dev@thamroi.iam.gserviceaccount.com",
                    "serving_state": "",
                    "timeout_seconds": 300,
                    "volumes": []
                  }
                ]
              }
            ],
            "timeouts": null,
            "traffic": [
              {
                "latest_revision": true,
                "percent": 100,
                "revision_name": "",
                "tag": "",
                "url": ""
              }
            ]
          },
          "sensitive_attributes": [],
          "identity_schema_version": 0,
          "private": "eyJlMmJmYjczMC1lY2FhLTExZTYtOGY4OC0zNDM2M2JjN2M0YzAiOnsiY3JlYXRlIjoxMjAwMDAwMDAwMDAwLCJkZWxldGUiOjEyMDAwMDAwMDAwMDAsInVwZGF0ZSI6MTIwMDAwMDAwMDAwMH0sInNjaGVtYV92ZXJzaW9uIjoiMiJ9",
          "dependencies": [
            "google_project_service.required_apis",
            "module.artifact_registry.google_artifact_registry_repository.repo",
            "module.cloud_run.google_service_account.cloud_run_sa"
          ]
        }
      ]
    },
    {
      "module": "module.cloud_run",
      "mode": "managed",
      "type": "google_secret_manager_secret_iam_member",
      "name": "cloud_run_sa_secrets",
      "provider": "provider[\"registry.terraform.io/hashicorp/google\"]",
      "instances": []
    },
    {
      "module": "module.cloud_run",
      "mode": "managed",
      "type": "google_service_account",
      "name": "cloud_run_sa",
      "provider": "provider[\"registry.terraform.io/hashicorp/google\"]",
      "instances": [
        {
          "schema_version": 0,
          "attributes": {
            "account_id": "sigma-run-sa-dev",
            "create_ignore_already_exists": null,
            "description": "",
            "disabled": false,
            "display_name": "Cloud Run SA for sigma-hawk-tua-frontend (dev)",
            "email": "sigma-run-sa-dev@thamroi.iam.gserviceaccount.com",
            "id": "projects/thamroi/serviceAccounts/sigma-run-sa-dev@thamroi.iam.gserviceaccount.com",
            "member": "serviceAccount:sigma-run-sa-dev@thamroi.iam.gserviceaccount.com",
            "name": "projects/thamroi/serviceAccounts/sigma-run-sa-dev@thamroi.iam.gserviceaccount.com",
            "project": "thamroi",
            "timeouts": null,
            "unique_id": "105516103494216902603"
          },
          "sensitive_attributes": [],
          "identity_schema_version": 0,
          "private": "eyJlMmJmYjczMC1lY2FhLTExZTYtOGY4OC0zNDM2M2JjN2M0YzAiOnsiY3JlYXRlIjozMDAwMDAwMDAwMDB9fQ==",
          "dependencies": [
            "google_project_service.required_apis"
          ]
        }
      ]
    }
  ],
  "check_results": null
}
